// !$*UTF8*$!
{
	archiveVersion = 1;
	classes = {
	};
	objectVersion = 55;
	objects = {

/* Begin PBXBuildFile section */
		600EE62628EFC121007423E3 /* NetworkManager.swift in Sources */ = {isa = PBXBuildFile; fileRef = 600EE62528EFC121007423E3 /* NetworkManager.swift */; };
		600EE62928EFC397007423E3 /* Storage.swift in Sources */ = {isa = PBXBuildFile; fileRef = 600EE62828EFC397007423E3 /* Storage.swift */; };
		600EE62B28EFC3C4007423E3 /* Constants.swift in Sources */ = {isa = PBXBuildFile; fileRef = 600EE62A28EFC3C4007423E3 /* Constants.swift */; };
		600EE62D28EFC42D007423E3 /* DataManager.swift in Sources */ = {isa = PBXBuildFile; fileRef = 600EE62C28EFC42D007423E3 /* DataManager.swift */; };
		600EE62F28EFC439007423E3 /* WeatherData.swift in Sources */ = {isa = PBXBuildFile; fileRef = 600EE62E28EFC439007423E3 /* WeatherData.swift */; };
		601C22D628F2FDAE00E90BD3 /* SearchViewController.swift in Sources */ = {isa = PBXBuildFile; fileRef = 601C22D528F2FDAE00E90BD3 /* SearchViewController.swift */; };
		601C22D828F2FDF300E90BD3 /* SearchTableViewCell.swift in Sources */ = {isa = PBXBuildFile; fileRef = 601C22D728F2FDF300E90BD3 /* SearchTableViewCell.swift */; };
		6063E42828F4335D000B3058 /* SettingsTableViewController.swift in Sources */ = {isa = PBXBuildFile; fileRef = 6063E42728F4335D000B3058 /* SettingsTableViewController.swift */; };
		6063E42E28F53989000B3058 /* PrivacyViewController.swift in Sources */ = {isa = PBXBuildFile; fileRef = 6063E42D28F53989000B3058 /* PrivacyViewController.swift */; };
		6091659728ED8D05002F7A82 /* AppDelegate.swift in Sources */ = {isa = PBXBuildFile; fileRef = 6091659628ED8D05002F7A82 /* AppDelegate.swift */; };
		6091659928ED8D05002F7A82 /* SceneDelegate.swift in Sources */ = {isa = PBXBuildFile; fileRef = 6091659828ED8D05002F7A82 /* SceneDelegate.swift */; };
		6091659B28ED8D05002F7A82 /* MainViewController.swift in Sources */ = {isa = PBXBuildFile; fileRef = 6091659A28ED8D05002F7A82 /* MainViewController.swift */; };
		6091659E28ED8D05002F7A82 /* Main.storyboard in Resources */ = {isa = PBXBuildFile; fileRef = 6091659C28ED8D05002F7A82 /* Main.storyboard */; };
		609165A028ED8D05002F7A82 /* Assets.xcassets in Resources */ = {isa = PBXBuildFile; fileRef = 6091659F28ED8D05002F7A82 /* Assets.xcassets */; };
		609165A328ED8D05002F7A82 /* LaunchScreen.storyboard in Resources */ = {isa = PBXBuildFile; fileRef = 609165A128ED8D05002F7A82 /* LaunchScreen.storyboard */; };
/* End PBXBuildFile section */

/* Begin PBXFileReference section */
		600EE62528EFC121007423E3 /* NetworkManager.swift */ = {isa = PBXFileReference; lastKnownFileType = sourcecode.swift; path = NetworkManager.swift; sourceTree = "<group>"; };
		600EE62828EFC397007423E3 /* Storage.swift */ = {isa = PBXFileReference; lastKnownFileType = sourcecode.swift; path = Storage.swift; sourceTree = "<group>"; };
		600EE62A28EFC3C4007423E3 /* Constants.swift */ = {isa = PBXFileReference; lastKnownFileType = sourcecode.swift; path = Constants.swift; sourceTree = "<group>"; };
		600EE62C28EFC42D007423E3 /* DataManager.swift */ = {isa = PBXFileReference; lastKnownFileType = sourcecode.swift; path = DataManager.swift; sourceTree = "<group>"; };
		600EE62E28EFC439007423E3 /* WeatherData.swift */ = {isa = PBXFileReference; lastKnownFileType = sourcecode.swift; path = WeatherData.swift; sourceTree = "<group>"; };
		601C22D528F2FDAE00E90BD3 /* SearchViewController.swift */ = {isa = PBXFileReference; lastKnownFileType = sourcecode.swift; path = SearchViewController.swift; sourceTree = "<group>"; };
		601C22D728F2FDF300E90BD3 /* SearchTableViewCell.swift */ = {isa = PBXFileReference; lastKnownFileType = sourcecode.swift; path = SearchTableViewCell.swift; sourceTree = "<group>"; };
		6063E42728F4335D000B3058 /* SettingsTableViewController.swift */ = {isa = PBXFileReference; lastKnownFileType = sourcecode.swift; path = SettingsTableViewController.swift; sourceTree = "<group>"; };
		6063E42D28F53989000B3058 /* PrivacyViewController.swift */ = {isa = PBXFileReference; lastKnownFileType = sourcecode.swift; path = PrivacyViewController.swift; sourceTree = "<group>"; };
		6091659328ED8D05002F7A82 /* allen_hackathon_level2.app */ = {isa = PBXFileReference; explicitFileType = wrapper.application; includeInIndex = 0; path = allen_hackathon_level2.app; sourceTree = BUILT_PRODUCTS_DIR; };
		6091659628ED8D05002F7A82 /* AppDelegate.swift */ = {isa = PBXFileReference; lastKnownFileType = sourcecode.swift; path = AppDelegate.swift; sourceTree = "<group>"; };
		6091659828ED8D05002F7A82 /* SceneDelegate.swift */ = {isa = PBXFileReference; lastKnownFileType = sourcecode.swift; path = SceneDelegate.swift; sourceTree = "<group>"; };
		6091659A28ED8D05002F7A82 /* MainViewController.swift */ = {isa = PBXFileReference; lastKnownFileType = sourcecode.swift; path = MainViewController.swift; sourceTree = "<group>"; };
		6091659D28ED8D05002F7A82 /* Base */ = {isa = PBXFileReference; lastKnownFileType = file.storyboard; name = Base; path = Base.lproj/Main.storyboard; sourceTree = "<group>"; };
		6091659F28ED8D05002F7A82 /* Assets.xcassets */ = {isa = PBXFileReference; lastKnownFileType = folder.assetcatalog; path = Assets.xcassets; sourceTree = "<group>"; };
		609165A228ED8D05002F7A82 /* Base */ = {isa = PBXFileReference; lastKnownFileType = file.storyboard; name = Base; path = Base.lproj/LaunchScreen.storyboard; sourceTree = "<group>"; };
		609165A428ED8D05002F7A82 /* Info.plist */ = {isa = PBXFileReference; lastKnownFileType = text.plist.xml; path = Info.plist; sourceTree = "<group>"; };
/* End PBXFileReference section */

/* Begin PBXFrameworksBuildPhase section */
		6091659028ED8D05002F7A82 /* Frameworks */ = {
			isa = PBXFrameworksBuildPhase;
			buildActionMask = 2147483647;
			files = (
			);
			runOnlyForDeploymentPostprocessing = 0;
		};
/* End PBXFrameworksBuildPhase section */

/* Begin PBXGroup section */
		600EE61E28EE58EF007423E3 /* Networking */ = {
			isa = PBXGroup;
			children = (
				600EE62528EFC121007423E3 /* NetworkManager.swift */,
			);
			path = Networking;
			sourceTree = "<group>";
		};
		600EE62728EFC38B007423E3 /* Helpers */ = {
			isa = PBXGroup;
			children = (
				600EE62A28EFC3C4007423E3 /* Constants.swift */,
				600EE62828EFC397007423E3 /* Storage.swift */,
			);
			path = Helpers;
			sourceTree = "<group>";
		};
		6091658A28ED8D05002F7A82 = {
			isa = PBXGroup;
			children = (
				6091659528ED8D05002F7A82 /* allen_hackathon_level2 */,
				6091659428ED8D05002F7A82 /* Products */,
			);
			sourceTree = "<group>";
		};
		6091659428ED8D05002F7A82 /* Products */ = {
			isa = PBXGroup;
			children = (
				6091659328ED8D05002F7A82 /* allen_hackathon_level2.app */,
			);
			name = Products;
			sourceTree = "<group>";
		};
		6091659528ED8D05002F7A82 /* allen_hackathon_level2 */ = {
			isa = PBXGroup;
			children = (
				6091659628ED8D05002F7A82 /* AppDelegate.swift */,
				6091659828ED8D05002F7A82 /* SceneDelegate.swift */,
				600EE62728EFC38B007423E3 /* Helpers */,
				600EE61E28EE58EF007423E3 /* Networking */,
				609165AA28ED8D6E002F7A82 /* Models */,
				609165AB28ED8D74002F7A82 /* Views */,
				609165AC28ED8D79002F7A82 /* Controllers */,
				6091659C28ED8D05002F7A82 /* Main.storyboard */,
				609165A128ED8D05002F7A82 /* LaunchScreen.storyboard */,
				6091659F28ED8D05002F7A82 /* Assets.xcassets */,
				609165A428ED8D05002F7A82 /* Info.plist */,
			);
			path = allen_hackathon_level2;
			sourceTree = "<group>";
		};
		609165AA28ED8D6E002F7A82 /* Models */ = {
			isa = PBXGroup;
			children = (
				600EE62E28EFC439007423E3 /* WeatherData.swift */,
				600EE62C28EFC42D007423E3 /* DataManager.swift */,
			);
			path = Models;
			sourceTree = "<group>";
		};
		609165AB28ED8D74002F7A82 /* Views */ = {
			isa = PBXGroup;
			children = (
				601C22D728F2FDF300E90BD3 /* SearchTableViewCell.swift */,
			);
			path = Views;
			sourceTree = "<group>";
		};
		609165AC28ED8D79002F7A82 /* Controllers */ = {
			isa = PBXGroup;
			children = (
				6091659A28ED8D05002F7A82 /* MainViewController.swift */,
				601C22D528F2FDAE00E90BD3 /* SearchViewController.swift */,
				6063E42728F4335D000B3058 /* SettingsTableViewController.swift */,
				6063E42D28F53989000B3058 /* PrivacyViewController.swift */,
			);
			path = Controllers;
			sourceTree = "<group>";
		};
/* End PBXGroup section */

/* Begin PBXNativeTarget section */
		6091659228ED8D05002F7A82 /* allen_hackathon_level2 */ = {
			isa = PBXNativeTarget;
			buildConfigurationList = 609165A728ED8D05002F7A82 /* Build configuration list for PBXNativeTarget "allen_hackathon_level2" */;
			buildPhases = (
				6091658F28ED8D05002F7A82 /* Sources */,
				6091659028ED8D05002F7A82 /* Frameworks */,
				6091659128ED8D05002F7A82 /* Resources */,
			);
			buildRules = (
			);
			dependencies = (
			);
			name = allen_hackathon_level2;
			productName = allen_hackathon_level2;
			productReference = 6091659328ED8D05002F7A82 /* allen_hackathon_level2.app */;
			productType = "com.apple.product-type.application";
		};
/* End PBXNativeTarget section */

/* Begin PBXProject section */
		6091658B28ED8D05002F7A82 /* Project object */ = {
			isa = PBXProject;
			attributes = {
				BuildIndependentTargetsInParallel = 1;
				LastSwiftUpdateCheck = 1340;
				LastUpgradeCheck = 1340;
				TargetAttributes = {
					6091659228ED8D05002F7A82 = {
						CreatedOnToolsVersion = 13.4.1;
					};
				};
			};
			buildConfigurationList = 6091658E28ED8D05002F7A82 /* Build configuration list for PBXProject "allen_hackathon_level2" */;
			compatibilityVersion = "Xcode 13.0";
			developmentRegion = en;
			hasScannedForEncodings = 0;
			knownRegions = (
				en,
				Base,
			);
			mainGroup = 6091658A28ED8D05002F7A82;
			productRefGroup = 6091659428ED8D05002F7A82 /* Products */;
			projectDirPath = "";
			projectRoot = "";
			targets = (
				6091659228ED8D05002F7A82 /* allen_hackathon_level2 */,
			);
		};
/* End PBXProject section */

/* Begin PBXResourcesBuildPhase section */
		6091659128ED8D05002F7A82 /* Resources */ = {
			isa = PBXResourcesBuildPhase;
			buildActionMask = 2147483647;
			files = (
				609165A328ED8D05002F7A82 /* LaunchScreen.storyboard in Resources */,
				609165A028ED8D05002F7A82 /* Assets.xcassets in Resources */,
				6091659E28ED8D05002F7A82 /* Main.storyboard in Resources */,
			);
			runOnlyForDeploymentPostprocessing = 0;
		};
/* End PBXResourcesBuildPhase section */

/* Begin PBXSourcesBuildPhase section */
		6091658F28ED8D05002F7A82 /* Sources */ = {
			isa = PBXSourcesBuildPhase;
			buildActionMask = 2147483647;
			files = (
				601C22D628F2FDAE00E90BD3 /* SearchViewController.swift in Sources */,
				600EE62628EFC121007423E3 /* NetworkManager.swift in Sources */,
				6063E42E28F53989000B3058 /* PrivacyViewController.swift in Sources */,
				6091659B28ED8D05002F7A82 /* MainViewController.swift in Sources */,
				601C22D828F2FDF300E90BD3 /* SearchTableViewCell.swift in Sources */,
				6091659728ED8D05002F7A82 /* AppDelegate.swift in Sources */,
				600EE62D28EFC42D007423E3 /* DataManager.swift in Sources */,
				6091659928ED8D05002F7A82 /* SceneDelegate.swift in Sources */,
				600EE62928EFC397007423E3 /* Storage.swift in Sources */,
				6063E42828F4335D000B3058 /* SettingsTableViewController.swift in Sources */,
				600EE62F28EFC439007423E3 /* WeatherData.swift in Sources */,
				600EE62B28EFC3C4007423E3 /* Constants.swift in Sources */,
			);
			runOnlyForDeploymentPostprocessing = 0;
		};
/* End PBXSourcesBuildPhase section */

/* Begin PBXVariantGroup section */
		6091659C28ED8D05002F7A82 /* Main.storyboard */ = {
			isa = PBXVariantGroup;
			children = (
				6091659D28ED8D05002F7A82 /* Base */,
			);
			name = Main.storyboard;
			sourceTree = "<group>";
		};
		609165A128ED8D05002F7A82 /* LaunchScreen.storyboard */ = {
			isa = PBXVariantGroup;
			children = (
				609165A228ED8D05002F7A82 /* Base */,
			);
			name = LaunchScreen.storyboard;
			sourceTree = "<group>";
		};
/* End PBXVariantGroup section */

/* Begin XCBuildConfiguration section */
		609165A528ED8D05002F7A82 /* Debug */ = {
			isa = XCBuildConfiguration;
			buildSettings = {
				ALWAYS_SEARCH_USER_PATHS = NO;
				CLANG_ANALYZER_NONNULL = YES;
				CLANG_ANALYZER_NUMBER_OBJECT_CONVERSION = YES_AGGRESSIVE;
				CLANG_CXX_LANGUAGE_STANDARD = "gnu++17";
				CLANG_ENABLE_MODULES = YES;
				CLANG_ENABLE_OBJC_ARC = YES;
				CLANG_ENABLE_OBJC_WEAK = YES;
				CLANG_WARN_BLOCK_CAPTURE_AUTORELEASING = YES;
				CLANG_WARN_BOOL_CONVERSION = YES;
				CLANG_WARN_COMMA = YES;
				CLANG_WARN_CONSTANT_CONVERSION = YES;
				CLANG_WARN_DEPRECATED_OBJC_IMPLEMENTATIONS = YES;
				CLANG_WARN_DIRECT_OBJC_ISA_USAGE = YES_ERROR;
				CLANG_WARN_DOCUMENTATION_COMMENTS = YES;
				CLANG_WARN_EMPTY_BODY = YES;
				CLANG_WARN_ENUM_CONVERSION = YES;
				CLANG_WARN_INFINITE_RECURSION = YES;
				CLANG_WARN_INT_CONVERSION = YES;
				CLANG_WARN_NON_LITERAL_NULL_CONVERSION = YES;
				CLANG_WARN_OBJC_IMPLICIT_RETAIN_SELF = YES;
				CLANG_WARN_OBJC_LITERAL_CONVERSION = YES;
				CLANG_WARN_OBJC_ROOT_CLASS = YES_ERROR;
				CLANG_WARN_QUOTED_INCLUDE_IN_FRAMEWORK_HEADER = YES;
				CLANG_WARN_RANGE_LOOP_ANALYSIS = YES;
				CLANG_WARN_STRICT_PROTOTYPES = YES;
				CLANG_WARN_SUSPICIOUS_MOVE = YES;
				CLANG_WARN_UNGUARDED_AVAILABILITY = YES_AGGRESSIVE;
				CLANG_WARN_UNREACHABLE_CODE = YES;
				CLANG_WARN__DUPLICATE_METHOD_MATCH = YES;
				COPY_PHASE_STRIP = NO;
				DEBUG_INFORMATION_FORMAT = dwarf;
				ENABLE_STRICT_OBJC_MSGSEND = YES;
				ENABLE_TESTABILITY = YES;
				GCC_C_LANGUAGE_STANDARD = gnu11;
				GCC_DYNAMIC_NO_PIC = NO;
				GCC_NO_COMMON_BLOCKS = YES;
				GCC_OPTIMIZATION_LEVEL = 0;
				GCC_PREPROCESSOR_DEFINITIONS = (
					"DEBUG=1",
					"$(inherited)",
				);
				GCC_WARN_64_TO_32_BIT_CONVERSION = YES;
				GCC_WARN_ABOUT_RETURN_TYPE = YES_ERROR;
				GCC_WARN_UNDECLARED_SELECTOR = YES;
				GCC_WARN_UNINITIALIZED_AUTOS = YES_AGGRESSIVE;
				GCC_WARN_UNUSED_FUNCTION = YES;
				GCC_WARN_UNUSED_VARIABLE = YES;
				IPHONEOS_DEPLOYMENT_TARGET = 15.5;
				MTL_ENABLE_DEBUG_INFO = INCLUDE_SOURCE;
				MTL_FAST_MATH = YES;
				ONLY_ACTIVE_ARCH = YES;
				SDKROOT = iphoneos;
				SWIFT_ACTIVE_COMPILATION_CONDITIONS = DEBUG;
				SWIFT_OPTIMIZATION_LEVEL = "-Onone";
			};
			name = Debug;
		};
		609165A628ED8D05002F7A82 /* Release */ = {
			isa = XCBuildConfiguration;
			buildSettings = {
				ALWAYS_SEARCH_USER_PATHS = NO;
				CLANG_ANALYZER_NONNULL = YES;
				CLANG_ANALYZER_NUMBER_OBJECT_CONVERSION = YES_AGGRESSIVE;
				CLANG_CXX_LANGUAGE_STANDARD = "gnu++17";
				CLANG_ENABLE_MODULES = YES;
				CLANG_ENABLE_OBJC_ARC = YES;
				CLANG_ENABLE_OBJC_WEAK = YES;
				CLANG_WARN_BLOCK_CAPTURE_AUTORELEASING = YES;
				CLANG_WARN_BOOL_CONVERSION = YES;
				CLANG_WARN_COMMA = YES;
				CLANG_WARN_CONSTANT_CONVERSION = YES;
				CLANG_WARN_DEPRECATED_OBJC_IMPLEMENTATIONS = YES;
				CLANG_WARN_DIRECT_OBJC_ISA_USAGE = YES_ERROR;
				CLANG_WARN_DOCUMENTATION_COMMENTS = YES;
				CLANG_WARN_EMPTY_BODY = YES;
				CLANG_WARN_ENUM_CONVERSION = YES;
				CLANG_WARN_INFINITE_RECURSION = YES;
				CLANG_WARN_INT_CONVERSION = YES;
				CLANG_WARN_NON_LITERAL_NULL_CONVERSION = YES;
				CLANG_WARN_OBJC_IMPLICIT_RETAIN_SELF = YES;
				CLANG_WARN_OBJC_LITERAL_CONVERSION = YES;
				CLANG_WARN_OBJC_ROOT_CLASS = YES_ERROR;
				CLANG_WARN_QUOTED_INCLUDE_IN_FRAMEWORK_HEADER = YES;
				CLANG_WARN_RANGE_LOOP_ANALYSIS = YES;
				CLANG_WARN_STRICT_PROTOTYPES = YES;
				CLANG_WARN_SUSPICIOUS_MOVE = YES;
				CLANG_WARN_UNGUARDED_AVAILABILITY = YES_AGGRESSIVE;
				CLANG_WARN_UNREACHABLE_CODE = YES;
				CLANG_WARN__DUPLICATE_METHOD_MATCH = YES;
				COPY_PHASE_STRIP = NO;
				DEBUG_INFORMATION_FORMAT = "dwarf-with-dsym";
				ENABLE_NS_ASSERTIONS = NO;
				ENABLE_STRICT_OBJC_MSGSEND = YES;
				GCC_C_LANGUAGE_STANDARD = gnu11;
				GCC_NO_COMMON_BLOCKS = YES;
				GCC_WARN_64_TO_32_BIT_CONVERSION = YES;
				GCC_WARN_ABOUT_RETURN_TYPE = YES_ERROR;
				GCC_WARN_UNDECLARED_SELECTOR = YES;
				GCC_WARN_UNINITIALIZED_AUTOS = YES_AGGRESSIVE;
				GCC_WARN_UNUSED_FUNCTION = YES;
				GCC_WARN_UNUSED_VARIABLE = YES;
				IPHONEOS_DEPLOYMENT_TARGET = 15.5;
				MTL_ENABLE_DEBUG_INFO = NO;
				MTL_FAST_MATH = YES;
				SDKROOT = iphoneos;
				SWIFT_COMPILATION_MODE = wholemodule;
				SWIFT_OPTIMIZATION_LEVEL = "-O";
				VALIDATE_PRODUCT = YES;
			};
			name = Release;
		};
		609165A828ED8D05002F7A82 /* Debug */ = {
			isa = XCBuildConfiguration;
			buildSettings = {
				ASSETCATALOG_COMPILER_APPICON_NAME = AppIcon;
				ASSETCATALOG_COMPILER_GLOBAL_ACCENT_COLOR_NAME = AccentColor;
				CODE_SIGN_STYLE = Automatic;
				CURRENT_PROJECT_VERSION = 1;
				DEVELOPMENT_TEAM = MV89SHQKF4;
				GENERATE_INFOPLIST_FILE = YES;
				INFOPLIST_FILE = allen_hackathon_level2/Info.plist;
				INFOPLIST_KEY_NSLocationAlwaysAndWhenInUseUsageDescription = "위치 확인을 위해 권한을 요청합니다.";
				INFOPLIST_KEY_NSLocationWhenInUseUsageDescription = "위치 확인을 위해 권한을 요청합니다.";
				INFOPLIST_KEY_UIApplicationSupportsIndirectInputEvents = YES;
				INFOPLIST_KEY_UILaunchStoryboardName = LaunchScreen;
				INFOPLIST_KEY_UIMainStoryboardFile = Main;
				INFOPLIST_KEY_UISupportedInterfaceOrientations = UIInterfaceOrientationPortrait;
				INFOPLIST_KEY_UISupportedInterfaceOrientations_iPad = "UIInterfaceOrientationPortrait UIInterfaceOrientationPortraitUpsideDown UIInterfaceOrientationLandscapeLeft UIInterfaceOrientationLandscapeRight";
				INFOPLIST_KEY_UISupportedInterfaceOrientations_iPhone = "UIInterfaceOrientationPortrait UIInterfaceOrientationLandscapeLeft UIInterfaceOrientationLandscapeRight";
				IPHONEOS_DEPLOYMENT_TARGET = 15.0;
				LD_RUNPATH_SEARCH_PATHS = (
					"$(inherited)",
					"@executable_path/Frameworks",
				);
				MARKETING_VERSION = 1.0;
				PRODUCT_BUNDLE_IDENTIFIER = "com.ericyong.allen-hackathon-level2";
				PRODUCT_NAME = "$(TARGET_NAME)";
				SWIFT_EMIT_LOC_STRINGS = YES;
				SWIFT_VERSION = 5.0;
				TARGETED_DEVICE_FAMILY = 1;
			};
			name = Debug;
		};
		609165A928ED8D05002F7A82 /* Release */ = {
			isa = XCBuildConfiguration;
			buildSettings = {
				ASSETCATALOG_COMPILER_APPICON_NAME = AppIcon;
				ASSETCATALOG_COMPILER_GLOBAL_ACCENT_COLOR_NAME = AccentColor;
				CODE_SIGN_STYLE = Automatic;
				CURRENT_PROJECT_VERSION = 1;
				DEVELOPMENT_TEAM = MV89SHQKF4;
				GENERATE_INFOPLIST_FILE = YES;
				INFOPLIST_FILE = allen_hackathon_level2/Info.plist;
				INFOPLIST_KEY_NSLocationAlwaysAndWhenInUseUsageDescription = "위치 확인을 위해 권한을 요청합니다.";
				INFOPLIST_KEY_NSLocationWhenInUseUsageDescription = "위치 확인을 위해 권한을 요청합니다.";
				INFOPLIST_KEY_UIApplicationSupportsIndirectInputEvents = YES;
				INFOPLIST_KEY_UILaunchStoryboardName = LaunchScreen;
				INFOPLIST_KEY_UIMainStoryboardFile = Main;
				INFOPLIST_KEY_UISupportedInterfaceOrientations = UIInterfaceOrientationPortrait;
				INFOPLIST_KEY_UISupportedInterfaceOrientations_iPad = "UIInterfaceOrientationPortrait UIInterfaceOrientationPortraitUpsideDown UIInterfaceOrientationLandscapeLeft UIInterfaceOrientationLandscapeRight";
				INFOPLIST_KEY_UISupportedInterfaceOrientations_iPhone = "UIInterfaceOrientationPortrait UIInterfaceOrientationLandscapeLeft UIInterfaceOrientationLandscapeRight";
				IPHONEOS_DEPLOYMENT_TARGET = 15.0;
				LD_RUNPATH_SEARCH_PATHS = (
					"$(inherited)",
					"@executable_path/Frameworks",
				);
				MARKETING_VERSION = 1.0;
				PRODUCT_BUNDLE_IDENTIFIER = "com.ericyong.allen-hackathon-level2";
				PRODUCT_NAME = "$(TARGET_NAME)";
				SWIFT_EMIT_LOC_STRINGS = YES;
				SWIFT_VERSION = 5.0;
				TARGETED_DEVICE_FAMILY = 1;
			};
			name = Release;
		};
/* End XCBuildConfiguration section */

/* Begin XCConfigurationList section */
		6091658E28ED8D05002F7A82 /* Build configuration list for PBXProject "allen_hackathon_level2" */ = {
			isa = XCConfigurationList;
			buildConfigurations = (
				609165A528ED8D05002F7A82 /* Debug */,
				609165A628ED8D05002F7A82 /* Release */,
			);
			defaultConfigurationIsVisible = 0;
			defaultConfigurationName = Release;
		};
		609165A728ED8D05002F7A82 /* Build configuration list for PBXNativeTarget "allen_hackathon_level2" */ = {
			isa = XCConfigurationList;
			buildConfigurations = (
				609165A828ED8D05002F7A82 /* Debug */,
				609165A928ED8D05002F7A82 /* Release */,
			);
			defaultConfigurationIsVisible = 0;
			defaultConfigurationName = Release;
		};
/* End XCConfigurationList section */
	};
	rootObject = 6091658B28ED8D05002F7A82 /* Project object */;
}
